{
  "pins" : [
    {
      "identity" : "stats-sdk-objc",
      "kind" : "remoteSourceControl",
      "location" : "https://github.com/muxinc/stats-sdk-objc.git",
      "state" : {
        "revision" : "d72b1d40ae9f568d2c6be890c48a17b1ff11c9af",
        "version" : "4.7.1"
      }
    },
    {
      "identity" : "theoplayer-sdk-ios",
      "kind" : "remoteSourceControl",
      "location" : "https://github.com/THEOplayer/theoplayer-sdk-ios.git",
      "state" : {
        "revision" : "5b0f5e32b98da728daa85f9a2b44d35469415938",
        "version" : "8.1.2"
      }
    }
  ],
  "version" : 2
}
